// !$*UTF8*$!
{
	archiveVersion = 1;
	classes = {
	};
	objectVersion = 46;
	objects = {

/* Begin PBXBuildFile section */
		08F972F5D53E72338C9F0133 /* libPods-YCRefresh_Tests.a in Frameworks */ = {isa = PBXBuildFile; fileRef = 7223F4B9E22475B729D79ADA /* libPods-YCRefresh_Tests.a */; };
		42BF188F2465378400973736 /* YCExample.swift in Sources */ = {isa = PBXBuildFile; fileRef = 42BF187D2465378300973736 /* YCExample.swift */; };
		42BF18902465378400973736 /* CollectionViewController.xib in Resources */ = {isa = PBXBuildFile; fileRef = 42BF187F2465378300973736 /* CollectionViewController.xib */; };
		42BF18912465378400973736 /* TableViewController.swift in Sources */ = {isa = PBXBuildFile; fileRef = 42BF18802465378300973736 /* TableViewController.swift */; };
		42BF18922465378400973736 /* YCWKWebViewViewController.swift in Sources */ = {isa = PBXBuildFile; fileRef = 42BF18812465378300973736 /* YCWKWebViewViewController.swift */; };
		42BF18932465378400973736 /* TableViewController.xib in Resources */ = {isa = PBXBuildFile; fileRef = 42BF18822465378300973736 /* TableViewController.xib */; };
		42BF18942465378400973736 /* YCWKWebViewViewController.xib in Resources */ = {isa = PBXBuildFile; fileRef = 42BF18832465378300973736 /* YCWKWebViewViewController.xib */; };
		42BF18952465378400973736 /* CollectionViewController.swift in Sources */ = {isa = PBXBuildFile; fileRef = 42BF18842465378300973736 /* CollectionViewController.swift */; };
		42BF18962465378400973736 /* AboutViewController.swift in Sources */ = {isa = PBXBuildFile; fileRef = 42BF18852465378400973736 /* AboutViewController.swift */; };
		42BF18972465378400973736 /* YCExampleCustomBackFooter.swift in Sources */ = {isa = PBXBuildFile; fileRef = 42BF18872465378400973736 /* YCExampleCustomBackFooter.swift */; };
		42BF18982465378400973736 /* YCChiBaoZiBackFooter.swift in Sources */ = {isa = PBXBuildFile; fileRef = 42BF18882465378400973736 /* YCChiBaoZiBackFooter.swift */; };
		42BF18992465378400973736 /* YCChiBaoZiHeader.swift in Sources */ = {isa = PBXBuildFile; fileRef = 42BF18892465378400973736 /* YCChiBaoZiHeader.swift */; };
		42BF189A2465378400973736 /* YCExampleCustomHeader.swift in Sources */ = {isa = PBXBuildFile; fileRef = 42BF188A2465378400973736 /* YCExampleCustomHeader.swift */; };
		42BF189B2465378400973736 /* YCChiBaoZiAutoFooter.swift in Sources */ = {isa = PBXBuildFile; fileRef = 42BF188B2465378400973736 /* YCChiBaoZiAutoFooter.swift */; };
		42BF189C2465378400973736 /* YCExampleCustomAutoFooter.swift in Sources */ = {isa = PBXBuildFile; fileRef = 42BF188C2465378400973736 /* YCExampleCustomAutoFooter.swift */; };
		42BF189D2465378400973736 /* Extension.swift in Sources */ = {isa = PBXBuildFile; fileRef = 42BF188E2465378400973736 /* Extension.swift */; };
		42BF189F246537A300973736 /* Common.swift in Sources */ = {isa = PBXBuildFile; fileRef = 42BF189E246537A300973736 /* Common.swift */; };
		42BF18A424653A7300973736 /* LaunchScreen.storyboard in Resources */ = {isa = PBXBuildFile; fileRef = 42BF18A024653A7300973736 /* LaunchScreen.storyboard */; };
		42BF18A524653A7300973736 /* Main.storyboard in Resources */ = {isa = PBXBuildFile; fileRef = 42BF18A224653A7300973736 /* Main.storyboard */; };
		607FACD61AFB9204008FA782 /* AppDelegate.swift in Sources */ = {isa = PBXBuildFile; fileRef = 607FACD51AFB9204008FA782 /* AppDelegate.swift */; };
		607FACD81AFB9204008FA782 /* ViewController.swift in Sources */ = {isa = PBXBuildFile; fileRef = 607FACD71AFB9204008FA782 /* ViewController.swift */; };
		607FACDD1AFB9204008FA782 /* Images.xcassets in Resources */ = {isa = PBXBuildFile; fileRef = 607FACDC1AFB9204008FA782 /* Images.xcassets */; };
		607FACEC1AFB9204008FA782 /* Tests.swift in Sources */ = {isa = PBXBuildFile; fileRef = 607FACEB1AFB9204008FA782 /* Tests.swift */; };
		DDDCDC0875961EA6164EE21B /* libPods-YCRefresh_Example.a in Frameworks */ = {isa = PBXBuildFile; fileRef = D82BB5D52D1E66C0EE2E9C23 /* libPods-YCRefresh_Example.a */; };
/* End PBXBuildFile section */

/* Begin PBXContainerItemProxy section */
		607FACE61AFB9204008FA782 /* PBXContainerItemProxy */ = {
			isa = PBXContainerItemProxy;
			containerPortal = 607FACC81AFB9204008FA782 /* Project object */;
			proxyType = 1;
			remoteGlobalIDString = 607FACCF1AFB9204008FA782;
			remoteInfo = YCRefresh;
		};
/* End PBXContainerItemProxy section */

/* Begin PBXFileReference section */
		1224A66428F409B363E7A691 /* Pods-YCRefresh_Example.debug.xcconfig */ = {isa = PBXFileReference; includeInIndex = 1; lastKnownFileType = text.xcconfig; name = "Pods-YCRefresh_Example.debug.xcconfig"; path = "Target Support Files/Pods-YCRefresh_Example/Pods-YCRefresh_Example.debug.xcconfig"; sourceTree = "<group>"; };
		351C5CEBD9C94804567FDB79 /* Pods-YCRefresh_Example.release.xcconfig */ = {isa = PBXFileReference; includeInIndex = 1; lastKnownFileType = text.xcconfig; name = "Pods-YCRefresh_Example.release.xcconfig"; path = "Target Support Files/Pods-YCRefresh_Example/Pods-YCRefresh_Example.release.xcconfig"; sourceTree = "<group>"; };
		42BF187D2465378300973736 /* YCExample.swift */ = {isa = PBXFileReference; fileEncoding = 4; lastKnownFileType = sourcecode.swift; path = YCExample.swift; sourceTree = "<group>"; };
		42BF187F2465378300973736 /* CollectionViewController.xib */ = {isa = PBXFileReference; fileEncoding = 4; lastKnownFileType = file.xib; path = CollectionViewController.xib; sourceTree = "<group>"; };
		42BF18802465378300973736 /* TableViewController.swift */ = {isa = PBXFileReference; fileEncoding = 4; lastKnownFileType = sourcecode.swift; path = TableViewController.swift; sourceTree = "<group>"; };
		42BF18812465378300973736 /* YCWKWebViewViewController.swift */ = {isa = PBXFileReference; fileEncoding = 4; lastKnownFileType = sourcecode.swift; path = YCWKWebViewViewController.swift; sourceTree = "<group>"; };
		42BF18822465378300973736 /* TableViewController.xib */ = {isa = PBXFileReference; fileEncoding = 4; lastKnownFileType = file.xib; path = TableViewController.xib; sourceTree = "<group>"; };
		42BF18832465378300973736 /* YCWKWebViewViewController.xib */ = {isa = PBXFileReference; fileEncoding = 4; lastKnownFileType = file.xib; path = YCWKWebViewViewController.xib; sourceTree = "<group>"; };
		42BF18842465378300973736 /* CollectionViewController.swift */ = {isa = PBXFileReference; fileEncoding = 4; lastKnownFileType = sourcecode.swift; path = CollectionViewController.swift; sourceTree = "<group>"; };
		42BF18852465378400973736 /* AboutViewController.swift */ = {isa = PBXFileReference; fileEncoding = 4; lastKnownFileType = sourcecode.swift; path = AboutViewController.swift; sourceTree = "<group>"; };
		42BF18872465378400973736 /* YCExampleCustomBackFooter.swift */ = {isa = PBXFileReference; fileEncoding = 4; lastKnownFileType = sourcecode.swift; path = YCExampleCustomBackFooter.swift; sourceTree = "<group>"; };
		42BF18882465378400973736 /* YCChiBaoZiBackFooter.swift */ = {isa = PBXFileReference; fileEncoding = 4; lastKnownFileType = sourcecode.swift; path = YCChiBaoZiBackFooter.swift; sourceTree = "<group>"; };
		42BF18892465378400973736 /* YCChiBaoZiHeader.swift */ = {isa = PBXFileReference; fileEncoding = 4; lastKnownFileType = sourcecode.swift; path = YCChiBaoZiHeader.swift; sourceTree = "<group>"; };
		42BF188A2465378400973736 /* YCExampleCustomHeader.swift */ = {isa = PBXFileReference; fileEncoding = 4; lastKnownFileType = sourcecode.swift; path = YCExampleCustomHeader.swift; sourceTree = "<group>"; };
		42BF188B2465378400973736 /* YCChiBaoZiAutoFooter.swift */ = {isa = PBXFileReference; fileEncoding = 4; lastKnownFileType = sourcecode.swift; path = YCChiBaoZiAutoFooter.swift; sourceTree = "<group>"; };
		42BF188C2465378400973736 /* YCExampleCustomAutoFooter.swift */ = {isa = PBXFileReference; fileEncoding = 4; lastKnownFileType = sourcecode.swift; path = YCExampleCustomAutoFooter.swift; sourceTree = "<group>"; };
		42BF188E2465378400973736 /* Extension.swift */ = {isa = PBXFileReference; fileEncoding = 4; lastKnownFileType = sourcecode.swift; path = Extension.swift; sourceTree = "<group>"; };
		42BF189E246537A300973736 /* Common.swift */ = {isa = PBXFileReference; lastKnownFileType = sourcecode.swift; path = Common.swift; sourceTree = "<group>"; };
		42BF18A124653A7300973736 /* Base */ = {isa = PBXFileReference; lastKnownFileType = file.storyboard; name = Base; path = Base.lproj/LaunchScreen.storyboard; sourceTree = "<group>"; };
		42BF18A324653A7300973736 /* Base */ = {isa = PBXFileReference; lastKnownFileType = file.storyboard; name = Base; path = Base.lproj/Main.storyboard; sourceTree = "<group>"; };
		5691C209219C045FD0579C91 /* YCRefresh.podspec */ = {isa = PBXFileReference; includeInIndex = 1; lastKnownFileType = text; name = YCRefresh.podspec; path = ../YCRefresh.podspec; sourceTree = "<group>"; };
		578A8D57CCF8230B8783EBF7 /* Pods-YCRefresh_Tests.release.xcconfig */ = {isa = PBXFileReference; includeInIndex = 1; lastKnownFileType = text.xcconfig; name = "Pods-YCRefresh_Tests.release.xcconfig"; path = "Target Support Files/Pods-YCRefresh_Tests/Pods-YCRefresh_Tests.release.xcconfig"; sourceTree = "<group>"; };
		607FACD01AFB9204008FA782 /* YCRefresh_Example.app */ = {isa = PBXFileReference; explicitFileType = wrapper.application; includeInIndex = 0; path = YCRefresh_Example.app; sourceTree = BUILT_PRODUCTS_DIR; };
		607FACD41AFB9204008FA782 /* Info.plist */ = {isa = PBXFileReference; lastKnownFileType = text.plist.xml; path = Info.plist; sourceTree = "<group>"; };
		607FACD51AFB9204008FA782 /* AppDelegate.swift */ = {isa = PBXFileReference; lastKnownFileType = sourcecode.swift; path = AppDelegate.swift; sourceTree = "<group>"; };
		607FACD71AFB9204008FA782 /* ViewController.swift */ = {isa = PBXFileReference; lastKnownFileType = sourcecode.swift; path = ViewController.swift; sourceTree = "<group>"; };
		607FACDC1AFB9204008FA782 /* Images.xcassets */ = {isa = PBXFileReference; lastKnownFileType = folder.assetcatalog; path = Images.xcassets; sourceTree = "<group>"; };
		607FACE51AFB9204008FA782 /* YCRefresh_Tests.xctest */ = {isa = PBXFileReference; explicitFileType = wrapper.cfbundle; includeInIndex = 0; path = YCRefresh_Tests.xctest; sourceTree = BUILT_PRODUCTS_DIR; };
		607FACEA1AFB9204008FA782 /* Info.plist */ = {isa = PBXFileReference; lastKnownFileType = text.plist.xml; path = Info.plist; sourceTree = "<group>"; };
		607FACEB1AFB9204008FA782 /* Tests.swift */ = {isa = PBXFileReference; lastKnownFileType = sourcecode.swift; path = Tests.swift; sourceTree = "<group>"; };
		63017F603E61D9B6BFBD9818 /* Pods-YCRefresh_Tests.debug.xcconfig */ = {isa = PBXFileReference; includeInIndex = 1; lastKnownFileType = text.xcconfig; name = "Pods-YCRefresh_Tests.debug.xcconfig"; path = "Target Support Files/Pods-YCRefresh_Tests/Pods-YCRefresh_Tests.debug.xcconfig"; sourceTree = "<group>"; };
		633992BEE0479155E8F6A9A7 /* README.md */ = {isa = PBXFileReference; includeInIndex = 1; lastKnownFileType = net.daringfireball.markdown; name = README.md; path = ../README.md; sourceTree = "<group>"; };
		7223F4B9E22475B729D79ADA /* libPods-YCRefresh_Tests.a */ = {isa = PBXFileReference; explicitFileType = archive.ar; includeInIndex = 0; path = "libPods-YCRefresh_Tests.a"; sourceTree = BUILT_PRODUCTS_DIR; };
		7897F655B27279F943AEC8A4 /* LICENSE */ = {isa = PBXFileReference; includeInIndex = 1; lastKnownFileType = text; name = LICENSE; path = ../LICENSE; sourceTree = "<group>"; };
		D82BB5D52D1E66C0EE2E9C23 /* libPods-YCRefresh_Example.a */ = {isa = PBXFileReference; explicitFileType = archive.ar; includeInIndex = 0; path = "libPods-YCRefresh_Example.a"; sourceTree = BUILT_PRODUCTS_DIR; };
/* End PBXFileReference section */

/* Begin PBXFrameworksBuildPhase section */
		607FACCD1AFB9204008FA782 /* Frameworks */ = {
			isa = PBXFrameworksBuildPhase;
			buildActionMask = 2147483647;
			files = (
				DDDCDC0875961EA6164EE21B /* libPods-YCRefresh_Example.a in Frameworks */,
			);
			runOnlyForDeploymentPostprocessing = 0;
		};
		607FACE21AFB9204008FA782 /* Frameworks */ = {
			isa = PBXFrameworksBuildPhase;
			buildActionMask = 2147483647;
			files = (
				08F972F5D53E72338C9F0133 /* libPods-YCRefresh_Tests.a in Frameworks */,
			);
			runOnlyForDeploymentPostprocessing = 0;
		};
/* End PBXFrameworksBuildPhase section */

/* Begin PBXGroup section */
		0D70CE5198718D86510D0BCE /* Frameworks */ = {
			isa = PBXGroup;
			children = (
				D82BB5D52D1E66C0EE2E9C23 /* libPods-YCRefresh_Example.a */,
				7223F4B9E22475B729D79ADA /* libPods-YCRefresh_Tests.a */,
			);
			name = Frameworks;
			sourceTree = "<group>";
		};
		42BF187E2465378300973736 /* Example */ = {
			isa = PBXGroup;
			children = (
				42BF187F2465378300973736 /* CollectionViewController.xib */,
				42BF18802465378300973736 /* TableViewController.swift */,
				42BF18812465378300973736 /* YCWKWebViewViewController.swift */,
				42BF18822465378300973736 /* TableViewController.xib */,
				42BF18832465378300973736 /* YCWKWebViewViewController.xib */,
				42BF18842465378300973736 /* CollectionViewController.swift */,
			);
			path = Example;
			sourceTree = "<group>";
		};
		42BF18862465378400973736 /* DIY */ = {
			isa = PBXGroup;
			children = (
				42BF18872465378400973736 /* YCExampleCustomBackFooter.swift */,
				42BF18882465378400973736 /* YCChiBaoZiBackFooter.swift */,
				42BF18892465378400973736 /* YCChiBaoZiHeader.swift */,
				42BF188A2465378400973736 /* YCExampleCustomHeader.swift */,
				42BF188B2465378400973736 /* YCChiBaoZiAutoFooter.swift */,
				42BF188C2465378400973736 /* YCExampleCustomAutoFooter.swift */,
			);
			path = DIY;
			sourceTree = "<group>";
		};
		42BF188D2465378400973736 /* Extension */ = {
			isa = PBXGroup;
			children = (
				42BF188E2465378400973736 /* Extension.swift */,
			);
			path = Extension;
			sourceTree = "<group>";
		};
		607FACC71AFB9204008FA782 = {
			isa = PBXGroup;
			children = (
				607FACF51AFB993E008FA782 /* Podspec Metadata */,
				607FACD21AFB9204008FA782 /* Example for YCRefresh */,
				607FACE81AFB9204008FA782 /* Tests */,
				607FACD11AFB9204008FA782 /* Products */,
				E79B514A7900E000B44691C1 /* Pods */,
				0D70CE5198718D86510D0BCE /* Frameworks */,
			);
			sourceTree = "<group>";
		};
		607FACD11AFB9204008FA782 /* Products */ = {
			isa = PBXGroup;
			children = (
				607FACD01AFB9204008FA782 /* YCRefresh_Example.app */,
				607FACE51AFB9204008FA782 /* YCRefresh_Tests.xctest */,
			);
			name = Products;
			sourceTree = "<group>";
		};
		607FACD21AFB9204008FA782 /* Example for YCRefresh */ = {
			isa = PBXGroup;
			children = (
				42BF18852465378400973736 /* AboutViewController.swift */,
				42BF18862465378400973736 /* DIY */,
				42BF187E2465378300973736 /* Example */,
				42BF188D2465378400973736 /* Extension */,
				42BF187D2465378300973736 /* YCExample.swift */,
				607FACD51AFB9204008FA782 /* AppDelegate.swift */,
				607FACD71AFB9204008FA782 /* ViewController.swift */,
				42BF18A024653A7300973736 /* LaunchScreen.storyboard */,
				42BF18A224653A7300973736 /* Main.storyboard */,
				607FACDC1AFB9204008FA782 /* Images.xcassets */,
				607FACD31AFB9204008FA782 /* Supporting Files */,
				42BF189E246537A300973736 /* Common.swift */,
			);
			name = "Example for YCRefresh";
			path = YCRefresh;
			sourceTree = "<group>";
		};
		607FACD31AFB9204008FA782 /* Supporting Files */ = {
			isa = PBXGroup;
			children = (
				607FACD41AFB9204008FA782 /* Info.plist */,
			);
			name = "Supporting Files";
			sourceTree = "<group>";
		};
		607FACE81AFB9204008FA782 /* Tests */ = {
			isa = PBXGroup;
			children = (
				607FACEB1AFB9204008FA782 /* Tests.swift */,
				607FACE91AFB9204008FA782 /* Supporting Files */,
			);
			path = Tests;
			sourceTree = "<group>";
		};
		607FACE91AFB9204008FA782 /* Supporting Files */ = {
			isa = PBXGroup;
			children = (
				607FACEA1AFB9204008FA782 /* Info.plist */,
			);
			name = "Supporting Files";
			sourceTree = "<group>";
		};
		607FACF51AFB993E008FA782 /* Podspec Metadata */ = {
			isa = PBXGroup;
			children = (
				5691C209219C045FD0579C91 /* YCRefresh.podspec */,
				633992BEE0479155E8F6A9A7 /* README.md */,
				7897F655B27279F943AEC8A4 /* LICENSE */,
			);
			name = "Podspec Metadata";
			sourceTree = "<group>";
		};
		E79B514A7900E000B44691C1 /* Pods */ = {
			isa = PBXGroup;
			children = (
				1224A66428F409B363E7A691 /* Pods-YCRefresh_Example.debug.xcconfig */,
				351C5CEBD9C94804567FDB79 /* Pods-YCRefresh_Example.release.xcconfig */,
				63017F603E61D9B6BFBD9818 /* Pods-YCRefresh_Tests.debug.xcconfig */,
				578A8D57CCF8230B8783EBF7 /* Pods-YCRefresh_Tests.release.xcconfig */,
			);
			path = Pods;
			sourceTree = "<group>";
		};
/* End PBXGroup section */

/* Begin PBXNativeTarget section */
		607FACCF1AFB9204008FA782 /* YCRefresh_Example */ = {
			isa = PBXNativeTarget;
			buildConfigurationList = 607FACEF1AFB9204008FA782 /* Build configuration list for PBXNativeTarget "YCRefresh_Example" */;
			buildPhases = (
				FBD5709F10D37F5B386223E2 /* [CP] Check Pods Manifest.lock */,
				607FACCC1AFB9204008FA782 /* Sources */,
				607FACCD1AFB9204008FA782 /* Frameworks */,
				607FACCE1AFB9204008FA782 /* Resources */,
				DB37670A0F860F989151F2B1 /* [CP] Copy Pods Resources */,
			);
			buildRules = (
			);
			dependencies = (
			);
			name = YCRefresh_Example;
			productName = YCRefresh;
			productReference = 607FACD01AFB9204008FA782 /* YCRefresh_Example.app */;
			productType = "com.apple.product-type.application";
		};
		607FACE41AFB9204008FA782 /* YCRefresh_Tests */ = {
			isa = PBXNativeTarget;
			buildConfigurationList = 607FACF21AFB9204008FA782 /* Build configuration list for PBXNativeTarget "YCRefresh_Tests" */;
			buildPhases = (
				8AFF96D953EB2C35B01F2AA5 /* [CP] Check Pods Manifest.lock */,
				607FACE11AFB9204008FA782 /* Sources */,
				607FACE21AFB9204008FA782 /* Frameworks */,
				607FACE31AFB9204008FA782 /* Resources */,
			);
			buildRules = (
			);
			dependencies = (
				607FACE71AFB9204008FA782 /* PBXTargetDependency */,
			);
			name = YCRefresh_Tests;
			productName = Tests;
			productReference = 607FACE51AFB9204008FA782 /* YCRefresh_Tests.xctest */;
			productType = "com.apple.product-type.bundle.unit-test";
		};
/* End PBXNativeTarget section */

/* Begin PBXProject section */
		607FACC81AFB9204008FA782 /* Project object */ = {
			isa = PBXProject;
			attributes = {
				LastSwiftUpdateCheck = 0830;
				LastUpgradeCheck = 0830;
				ORGANIZATIONNAME = CocoaPods;
				TargetAttributes = {
					607FACCF1AFB9204008FA782 = {
						CreatedOnToolsVersion = 6.3.1;
						LastSwiftMigration = 0900;
					};
					607FACE41AFB9204008FA782 = {
						CreatedOnToolsVersion = 6.3.1;
						LastSwiftMigration = 0900;
						TestTargetID = 607FACCF1AFB9204008FA782;
					};
				};
			};
			buildConfigurationList = 607FACCB1AFB9204008FA782 /* Build configuration list for PBXProject "YCRefresh" */;
			compatibilityVersion = "Xcode 3.2";
			developmentRegion = English;
			hasScannedForEncodings = 0;
			knownRegions = (
				English,
				en,
				Base,
			);
			mainGroup = 607FACC71AFB9204008FA782;
			productRefGroup = 607FACD11AFB9204008FA782 /* Products */;
			projectDirPath = "";
			projectRoot = "";
			targets = (
				607FACCF1AFB9204008FA782 /* YCRefresh_Example */,
				607FACE41AFB9204008FA782 /* YCRefresh_Tests */,
			);
		};
/* End PBXProject section */

/* Begin PBXResourcesBuildPhase section */
		607FACCE1AFB9204008FA782 /* Resources */ = {
			isa = PBXResourcesBuildPhase;
			buildActionMask = 2147483647;
			files = (
				42BF18942465378400973736 /* YCWKWebViewViewController.xib in Resources */,
				42BF18902465378400973736 /* CollectionViewController.xib in Resources */,
				42BF18932465378400973736 /* TableViewController.xib in Resources */,
				42BF18A524653A7300973736 /* Main.storyboard in Resources */,
				42BF18A424653A7300973736 /* LaunchScreen.storyboard in Resources */,
				607FACDD1AFB9204008FA782 /* Images.xcassets in Resources */,
			);
			runOnlyForDeploymentPostprocessing = 0;
		};
		607FACE31AFB9204008FA782 /* Resources */ = {
			isa = PBXResourcesBuildPhase;
			buildActionMask = 2147483647;
			files = (
			);
			runOnlyForDeploymentPostprocessing = 0;
		};
/* End PBXResourcesBuildPhase section */

/* Begin PBXShellScriptBuildPhase section */
		8AFF96D953EB2C35B01F2AA5 /* [CP] Check Pods Manifest.lock */ = {
			isa = PBXShellScriptBuildPhase;
			buildActionMask = 2147483647;
			files = (
			);
			inputFileListPaths = (
			);
			inputPaths = (
				"${PODS_PODFILE_DIR_PATH}/Podfile.lock",
				"${PODS_ROOT}/Manifest.lock",
			);
			name = "[CP] Check Pods Manifest.lock";
			outputFileListPaths = (
			);
			outputPaths = (
				"$(DERIVED_FILE_DIR)/Pods-YCRefresh_Tests-checkManifestLockResult.txt",
			);
			runOnlyForDeploymentPostprocessing = 0;
			shellPath = /bin/sh;
			shellScript = "diff \"${PODS_PODFILE_DIR_PATH}/Podfile.lock\" \"${PODS_ROOT}/Manifest.lock\" > /dev/null\nif [ $? != 0 ] ; then\n    # print error to STDERR\n    echo \"error: The sandbox is not in sync with the Podfile.lock. Run 'pod install' or update your CocoaPods installation.\" >&2\n    exit 1\nfi\n# This output is used by Xcode 'outputs' to avoid re-running this script phase.\necho \"SUCCESS\" > \"${SCRIPT_OUTPUT_FILE_0}\"\n";
			showEnvVarsInLog = 0;
		};
		DB37670A0F860F989151F2B1 /* [CP] Copy Pods Resources */ = {
			isa = PBXShellScriptBuildPhase;
			buildActionMask = 2147483647;
			files = (
			);
			inputPaths = (
				"${PODS_ROOT}/Target Support Files/Pods-YCRefresh_Example/Pods-YCRefresh_Example-resources.sh",
				"${PODS_ROOT}/../../YCRefresh/Resources/YCRefresh.bundle",
			);
			name = "[CP] Copy Pods Resources";
			outputPaths = (
				"${TARGET_BUILD_DIR}/${UNLOCALIZED_RESOURCES_FOLDER_PATH}/YCRefresh.bundle",
			);
			runOnlyForDeploymentPostprocessing = 0;
			shellPath = /bin/sh;
			shellScript = "\"${PODS_ROOT}/Target Support Files/Pods-YCRefresh_Example/Pods-YCRefresh_Example-resources.sh\"\n";
			showEnvVarsInLog = 0;
		};
		FBD5709F10D37F5B386223E2 /* [CP] Check Pods Manifest.lock */ = {
			isa = PBXShellScriptBuildPhase;
			buildActionMask = 2147483647;
			files = (
			);
			inputFileListPaths = (
			);
			inputPaths = (
				"${PODS_PODFILE_DIR_PATH}/Podfile.lock",
				"${PODS_ROOT}/Manifest.lock",
			);
			name = "[CP] Check Pods Manifest.lock";
			outputFileListPaths = (
			);
			outputPaths = (
				"$(DERIVED_FILE_DIR)/Pods-YCRefresh_Example-checkManifestLockResult.txt",
			);
			runOnlyForDeploymentPostprocessing = 0;
			shellPath = /bin/sh;
			shellScript = "diff \"${PODS_PODFILE_DIR_PATH}/Podfile.lock\" \"${PODS_ROOT}/Manifest.lock\" > /dev/null\nif [ $? != 0 ] ; then\n    # print error to STDERR\n    echo \"error: The sandbox is not in sync with the Podfile.lock. Run 'pod install' or update your CocoaPods installation.\" >&2\n    exit 1\nfi\n# This output is used by Xcode 'outputs' to avoid re-running this script phase.\necho \"SUCCESS\" > \"${SCRIPT_OUTPUT_FILE_0}\"\n";
			showEnvVarsInLog = 0;
		};
/* End PBXShellScriptBuildPhase section */

/* Begin PBXSourcesBuildPhase section */
		607FACCC1AFB9204008FA782 /* Sources */ = {
			isa = PBXSourcesBuildPhase;
			buildActionMask = 2147483647;
			files = (
				42BF189A2465378400973736 /* YCExampleCustomHeader.swift in Sources */,
				42BF18952465378400973736 /* CollectionViewController.swift in Sources */,
				607FACD81AFB9204008FA782 /* ViewController.swift in Sources */,
				607FACD61AFB9204008FA782 /* AppDelegate.swift in Sources */,
				42BF18962465378400973736 /* AboutViewController.swift in Sources */,
				42BF188F2465378400973736 /* YCExample.swift in Sources */,
				42BF189B2465378400973736 /* YCChiBaoZiAutoFooter.swift in Sources */,
				42BF18972465378400973736 /* YCExampleCustomBackFooter.swift in Sources */,
				42BF189C2465378400973736 /* YCExampleCustomAutoFooter.swift in Sources */,
				42BF189D2465378400973736 /* Extension.swift in Sources */,
				42BF18982465378400973736 /* YCChiBaoZiBackFooter.swift in Sources */,
				42BF18992465378400973736 /* YCChiBaoZiHeader.swift in Sources */,
				42BF18912465378400973736 /* TableViewController.swift in Sources */,
				42BF189F246537A300973736 /* Common.swift in Sources */,
				42BF18922465378400973736 /* YCWKWebViewViewController.swift in Sources */,
			);
			runOnlyForDeploymentPostprocessing = 0;
		};
		607FACE11AFB9204008FA782 /* Sources */ = {
			isa = PBXSourcesBuildPhase;
			buildActionMask = 2147483647;
			files = (
				607FACEC1AFB9204008FA782 /* Tests.swift in Sources */,
			);
			runOnlyForDeploymentPostprocessing = 0;
		};
/* End PBXSourcesBuildPhase section */

/* Begin PBXTargetDependency section */
		607FACE71AFB9204008FA782 /* PBXTargetDependency */ = {
			isa = PBXTargetDependency;
			target = 607FACCF1AFB9204008FA782 /* YCRefresh_Example */;
			targetProxy = 607FACE61AFB9204008FA782 /* PBXContainerItemProxy */;
		};
/* End PBXTargetDependency section */

/* Begin PBXVariantGroup section */
		42BF18A024653A7300973736 /* LaunchScreen.storyboard */ = {
			isa = PBXVariantGroup;
			children = (
				42BF18A124653A7300973736 /* Base */,
			);
			name = LaunchScreen.storyboard;
			sourceTree = "<group>";
		};
		42BF18A224653A7300973736 /* Main.storyboard */ = {
			isa = PBXVariantGroup;
			children = (
				42BF18A324653A7300973736 /* Base */,
			);
			name = Main.storyboard;
			sourceTree = "<group>";
		};
/* End PBXVariantGroup section */

/* Begin XCBuildConfiguration section */
		607FACED1AFB9204008FA782 /* Debug */ = {
			isa = XCBuildConfiguration;
			buildSettings = {
				ALWAYS_SEARCH_USER_PATHS = NO;
				CLANG_CXX_LANGUAGE_STANDARD = "gnu++0x";
				CLANG_CXX_LIBRARY = "libc++";
				CLANG_ENABLE_MODULES = YES;
				CLANG_ENABLE_OBJC_ARC = YES;
				CLANG_WARN_BLOCK_CAPTURE_AUTORELEASING = YES;
				CLANG_WARN_BOOL_CONVERSION = YES;
				CLANG_WARN_COMMA = YES;
				CLANG_WARN_CONSTANT_CONVERSION = YES;
				CLANG_WARN_DIRECT_OBJC_ISA_USAGE = YES_ERROR;
				CLANG_WARN_EMPTY_BODY = YES;
				CLANG_WARN_ENUM_CONVERSION = YES;
				CLANG_WARN_INFINITE_RECURSION = YES;
				CLANG_WARN_INT_CONVERSION = YES;
				CLANG_WARN_NON_LITERAL_NULL_CONVERSION = YES;
				CLANG_WARN_OBJC_LITERAL_CONVERSION = YES;
				CLANG_WARN_OBJC_ROOT_CLASS = YES_ERROR;
				CLANG_WARN_RANGE_LOOP_ANALYSIS = YES;
				CLANG_WARN_STRICT_PROTOTYPES = YES;
				CLANG_WARN_SUSPICIOUS_MOVE = YES;
				CLANG_WARN_UNREACHABLE_CODE = YES;
				CLANG_WARN__DUPLICATE_METHOD_MATCH = YES;
				"CODE_SIGN_IDENTITY[sdk=iphoneos*]" = "iPhone Developer";
				COPY_PHASE_STRIP = NO;
				DEBUG_INFORMATION_FORMAT = "dwarf-with-dsym";
				ENABLE_STRICT_OBJC_MSGSEND = YES;
				ENABLE_TESTABILITY = YES;
				GCC_C_LANGUAGE_STANDARD = gnu99;
				GCC_DYNAMIC_NO_PIC = NO;
				GCC_NO_COMMON_BLOCKS = YES;
				GCC_OPTIMIZATION_LEVEL = 0;
				GCC_PREPROCESSOR_DEFINITIONS = (
					"DEBUG=1",
					"$(inherited)",
				);
				GCC_SYMBOLS_PRIVATE_EXTERN = NO;
				GCC_WARN_64_TO_32_BIT_CONVERSION = YES;
				GCC_WARN_ABOUT_RETURN_TYPE = YES_ERROR;
				GCC_WARN_UNDECLARED_SELECTOR = YES;
				GCC_WARN_UNINITIALIZED_AUTOS = YES_AGGRESSIVE;
				GCC_WARN_UNUSED_FUNCTION = YES;
				GCC_WARN_UNUSED_VARIABLE = YES;
				IPHONEOS_DEPLOYMENT_TARGET = 9.3;
				MTL_ENABLE_DEBUG_INFO = YES;
				ONLY_ACTIVE_ARCH = YES;
				SDKROOT = iphoneos;
				SWIFT_OPTIMIZATION_LEVEL = "-Onone";
			};
			name = Debug;
		};
		607FACEE1AFB9204008FA782 /* Release */ = {
			isa = XCBuildConfiguration;
			buildSettings = {
				ALWAYS_SEARCH_USER_PATHS = NO;
				CLANG_CXX_LANGUAGE_STANDARD = "gnu++0x";
				CLANG_CXX_LIBRARY = "libc++";
				CLANG_ENABLE_MODULES = YES;
				CLANG_ENABLE_OBJC_ARC = YES;
				CLANG_WARN_BLOCK_CAPTURE_AUTORELEASING = YES;
				CLANG_WARN_BOOL_CONVERSION = YES;
				CLANG_WARN_COMMA = YES;
				CLANG_WARN_CONSTANT_CONVERSION = YES;
				CLANG_WARN_DIRECT_OBJC_ISA_USAGE = YES_ERROR;
				CLANG_WARN_EMPTY_BODY = YES;
				CLANG_WARN_ENUM_CONVERSION = YES;
				CLANG_WARN_INFINITE_RECURSION = YES;
				CLANG_WARN_INT_CONVERSION = YES;
				CLANG_WARN_NON_LITERAL_NULL_CONVERSION = YES;
				CLANG_WARN_OBJC_LITERAL_CONVERSION = YES;
				CLANG_WARN_OBJC_ROOT_CLASS = YES_ERROR;
				CLANG_WARN_RANGE_LOOP_ANALYSIS = YES;
				CLANG_WARN_STRICT_PROTOTYPES = YES;
				CLANG_WARN_SUSPICIOUS_MOVE = YES;
				CLANG_WARN_UNREACHABLE_CODE = YES;
				CLANG_WARN__DUPLICATE_METHOD_MATCH = YES;
				"CODE_SIGN_IDENTITY[sdk=iphoneos*]" = "iPhone Developer";
				COPY_PHASE_STRIP = NO;
				DEBUG_INFORMATION_FORMAT = "dwarf-with-dsym";
				ENABLE_NS_ASSERTIONS = NO;
				ENABLE_STRICT_OBJC_MSGSEND = YES;
				GCC_C_LANGUAGE_STANDARD = gnu99;
				GCC_NO_COMMON_BLOCKS = YES;
				GCC_WARN_64_TO_32_BIT_CONVERSION = YES;
				GCC_WARN_ABOUT_RETURN_TYPE = YES_ERROR;
				GCC_WARN_UNDECLARED_SELECTOR = YES;
				GCC_WARN_UNINITIALIZED_AUTOS = YES_AGGRESSIVE;
				GCC_WARN_UNUSED_FUNCTION = YES;
				GCC_WARN_UNUSED_VARIABLE = YES;
				IPHONEOS_DEPLOYMENT_TARGET = 9.3;
				MTL_ENABLE_DEBUG_INFO = NO;
				SDKROOT = iphoneos;
				SWIFT_OPTIMIZATION_LEVEL = "-Owholemodule";
				VALIDATE_PRODUCT = YES;
			};
			name = Release;
		};
		607FACF01AFB9204008FA782 /* Debug */ = {
			isa = XCBuildConfiguration;
			baseConfigurationReference = 1224A66428F409B363E7A691 /* Pods-YCRefresh_Example.debug.xcconfig */;
			buildSettings = {
				ASSETCATALOG_COMPILER_APPICON_NAME = AppIcon;
				INFOPLIST_FILE = YCRefresh/Info.plist;
				LD_RUNPATH_SEARCH_PATHS = "$(inherited) @executable_path/Frameworks";
				MODULE_NAME = ExampleApp;
				PRODUCT_BUNDLE_IDENTIFIER = "org.cocoapods.demo.$(PRODUCT_NAME:rfc1034identifier)";
				PRODUCT_NAME = "$(TARGET_NAME)";
				SWIFT_SWIFT3_OBJC_INFERENCE = Default;
				SWIFT_VERSION = 4.0;
			};
			name = Debug;
		};
		607FACF11AFB9204008FA782 /* Release */ = {
			isa = XCBuildConfiguration;
			baseConfigurationReference = 351C5CEBD9C94804567FDB79 /* Pods-YCRefresh_Example.release.xcconfig */;
			buildSettings = {
				ASSETCATALOG_COMPILER_APPICON_NAME = AppIcon;
				INFOPLIST_FILE = YCRefresh/Info.plist;
				LD_RUNPATH_SEARCH_PATHS = "$(inherited) @executable_path/Frameworks";
				MODULE_NAME = ExampleApp;
				PRODUCT_BUNDLE_IDENTIFIER = "org.cocoapods.demo.$(PRODUCT_NAME:rfc1034identifier)";
				PRODUCT_NAME = "$(TARGET_NAME)";
				SWIFT_SWIFT3_OBJC_INFERENCE = Default;
				SWIFT_VERSION = 4.0;
			};
			name = Release;
		};
		607FACF31AFB9204008FA782 /* Debug */ = {
			isa = XCBuildConfiguration;
			baseConfigurationReference = 63017F603E61D9B6BFBD9818 /* Pods-YCRefresh_Tests.debug.xcconfig */;
			buildSettings = {
				FRAMEWORK_SEARCH_PATHS = (
					"$(PLATFORM_DIR)/Developer/Library/Frameworks",
					"$(inherited)",
				);
				GCC_PREPROCESSOR_DEFINITIONS = (
					"DEBUG=1",
					"$(inherited)",
				);
				INFOPLIST_FILE = Tests/Info.plist;
				LD_RUNPATH_SEARCH_PATHS = "$(inherited) @executable_path/Frameworks @loader_path/Frameworks";
				PRODUCT_BUNDLE_IDENTIFIER = "org.cocoapods.$(PRODUCT_NAME:rfc1034identifier)";
				PRODUCT_NAME = "$(TARGET_NAME)";
				SWIFT_SWIFT3_OBJC_INFERENCE = Default;
				SWIFT_VERSION = 4.0;
				TEST_HOST = "$(BUILT_PRODUCTS_DIR)/YCRefresh_Example.app/YCRefresh_Example";
			};
			name = Debug;
		};
		607FACF41AFB9204008FA782 /* Release */ = {
			isa = XCBuildConfiguration;
			baseConfigurationReference = 578A8D57CCF8230B8783EBF7 /* Pods-YCRefresh_Tests.release.xcconfig */;
			buildSettings = {
				FRAMEWORK_SEARCH_PATHS = (
					"$(PLATFORM_DIR)/Developer/Library/Frameworks",
					"$(inherited)",
				);
				INFOPLIST_FILE = Tests/Info.plist;
				LD_RUNPATH_SEARCH_PATHS = "$(inherited) @executable_path/Frameworks @loader_path/Frameworks";
				PRODUCT_BUNDLE_IDENTIFIER = "org.cocoapods.$(PRODUCT_NAME:rfc1034identifier)";
				PRODUCT_NAME = "$(TARGET_NAME)";
				SWIFT_SWIFT3_OBJC_INFERENCE = Default;
				SWIFT_VERSION = 4.0;
				TEST_HOST = "$(BUILT_PRODUCTS_DIR)/YCRefresh_Example.app/YCRefresh_Example";
			};
			name = Release;
		};
/* End XCBuildConfiguration section */

/* Begin XCConfigurationList section */
		607FACCB1AFB9204008FA782 /* Build configuration list for PBXProject "YCRefresh" */ = {
			isa = XCConfigurationList;
			buildConfigurations = (
				607FACED1AFB9204008FA782 /* Debug */,
				607FACEE1AFB9204008FA782 /* Release */,
			);
			defaultConfigurationIsVisible = 0;
			defaultConfigurationName = Release;
		};
		607FACEF1AFB9204008FA782 /* Build configuration list for PBXNativeTarget "YCRefresh_Example" */ = {
			isa = XCConfigurationList;
			buildConfigurations = (
				607FACF01AFB9204008FA782 /* Debug */,
				607FACF11AFB9204008FA782 /* Release */,
			);
			defaultConfigurationIsVisible = 0;
			defaultConfigurationName = Release;
		};
		607FACF21AFB9204008FA782 /* Build configuration list for PBXNativeTarget "YCRefresh_Tests" */ = {
			isa = XCConfigurationList;
			buildConfigurations = (
				607FACF31AFB9204008FA782 /* Debug */,
				607FACF41AFB9204008FA782 /* Release */,
			);
			defaultConfigurationIsVisible = 0;
			defaultConfigurationName = Release;
		};
/* End XCConfigurationList section */
	};
	rootObject = 607FACC81AFB9204008FA782 /* Project object */;
}
